{
    "_readme": [
        "This file locks the dependencies of your project to a known state",
        "Read more about it at https://getcomposer.org/doc/01-basic-usage.md#composer-lock-the-lock-file",
        "This file is @generated automatically"
    ],
    "hash": "ad1a7d7b548c7cf95677cda76d6b3bc6",
    "content-hash": "057a92a7059ec870ac21a0e3da4cb9a0",
    "packages": [
        {
            "name": "fguillot/json-rpc",
            "version": "v1.0.0",
            "source": {
                "type": "git",
                "url": "https://github.com/fguillot/JsonRPC.git",
                "reference": "5a11f1414780a200f09b78d20ab72b5cee4faa95"
            },
            "dist": {
                "type": "zip",
                "url": "https://api.github.com/repos/fguillot/JsonRPC/zipball/5a11f1414780a200f09b78d20ab72b5cee4faa95",
                "reference": "5a11f1414780a200f09b78d20ab72b5cee4faa95",
                "shasum": ""
            },
            "require": {
                "php": ">=5.3.0"
            },
            "type": "library",
            "autoload": {
                "psr-0": {
                    "JsonRPC": "src/"
                }
            },
            "notification-url": "https://packagist.org/downloads/",
            "license": [
                "MIT"
            ],
            "authors": [
                {
                    "name": "Frédéric Guillot"
                }
            ],
            "description": "Simple Json-RPC client/server library that just works",
            "homepage": "https://github.com/fguillot/JsonRPC",
            "time": "2015-07-01 19:50:31"
        }
    ],
    "packages-dev": [],
    "aliases": [],
    "minimum-stability": "stable",
    "stability-flags": [],
    "prefer-stable": false,
    "prefer-lowest": false,
    "platform": [],
    "platform-dev": []
}
